
Microsoft Visual Studio Solution File, Format Version 12.00
# Visual Studio 15
Project("{8BC9CEB8-8B4A-11D0-8D11-00A0C91BC942}") = "ALL_BUILD", "ALL_BUILD.vcxproj", "{AE86F142-AC55-3B73-86E9-55344193B09C}"
	ProjectSection(ProjectDependencies) = postProject
		{DD516112-7542-388E-9002-BDFCD251282F} = {DD516112-7542-388E-9002-BDFCD251282F}
		{CBAA3191-D732-326B-A4CE-243912A6277F} = {CBAA3191-D732-326B-A4CE-243912A6277F}
	EndProjectSection
EndProject
Project("{8BC9CEB8-8B4A-11D0-8D11-00A0C91BC942}") = "ZERO_CHECK", "ZERO_CHECK.vcxproj", "{DD516112-7542-388E-9002-BDFCD251282F}"
	ProjectSection(ProjectDependencies) = postProject
	EndProjectSection
EndProject
Project("{8BC9CEB8-8B4A-11D0-8D11-00A0C91BC942}") = "hello", "hello.vcxproj", "{CBAA3191-D732-326B-A4CE-243912A6277F}"
	ProjectSection(ProjectDependencies) = postProject
		{DD516112-7542-388E-9002-BDFCD251282F} = {DD516112-7542-388E-9002-BDFCD251282F}
	EndProjectSection
EndProject
Global
	GlobalSection(SolutionConfigurationPlatforms) = preSolution
		Debug|Win32 = Debug|Win32
		Release|Win32 = Release|Win32
		MinSizeRel|Win32 = MinSizeRel|Win32
		RelWithDebInfo|Win32 = RelWithDebInfo|Win32
	EndGlobalSection
	GlobalSection(ProjectConfigurationPlatforms) = postSolution
		{AE86F142-AC55-3B73-86E9-55344193B09C}.Debug|Win32.ActiveCfg = Debug|Win32
		{AE86F142-AC55-3B73-86E9-55344193B09C}.Release|Win32.ActiveCfg = Release|Win32
		{AE86F142-AC55-3B73-86E9-55344193B09C}.MinSizeRel|Win32.ActiveCfg = MinSizeRel|Win32
		{AE86F142-AC55-3B73-86E9-55344193B09C}.RelWithDebInfo|Win32.ActiveCfg = RelWithDebInfo|Win32
		{DD516112-7542-388E-9002-BDFCD251282F}.Debug|Win32.ActiveCfg = Debug|Win32
		{DD516112-7542-388E-9002-BDFCD251282F}.Debug|Win32.Build.0 = Debug|Win32
		{DD516112-7542-388E-9002-BDFCD251282F}.Release|Win32.ActiveCfg = Release|Win32
		{DD516112-7542-388E-9002-BDFCD251282F}.Release|Win32.Build.0 = Release|Win32
		{DD516112-7542-388E-9002-BDFCD251282F}.MinSizeRel|Win32.ActiveCfg = MinSizeRel|Win32
		{DD516112-7542-388E-9002-BDFCD251282F}.MinSizeRel|Win32.Build.0 = MinSizeRel|Win32
		{DD516112-7542-388E-9002-BDFCD251282F}.RelWithDebInfo|Win32.ActiveCfg = RelWithDebInfo|Win32
		{DD516112-7542-388E-9002-BDFCD251282F}.RelWithDebInfo|Win32.Build.0 = RelWithDebInfo|Win32
		{CBAA3191-D732-326B-A4CE-243912A6277F}.Debug|Win32.ActiveCfg = Debug|Win32
		{CBAA3191-D732-326B-A4CE-243912A6277F}.Debug|Win32.Build.0 = Debug|Win32
		{CBAA3191-D732-326B-A4CE-243912A6277F}.Release|Win32.ActiveCfg = Release|Win32
		{CBAA3191-D732-326B-A4CE-243912A6277F}.Release|Win32.Build.0 = Release|Win32
		{CBAA3191-D732-326B-A4CE-243912A6277F}.MinSizeRel|Win32.ActiveCfg = MinSizeRel|Win32
		{CBAA3191-D732-326B-A4CE-243912A6277F}.MinSizeRel|Win32.Build.0 = MinSizeRel|Win32
		{CBAA3191-D732-326B-A4CE-243912A6277F}.RelWithDebInfo|Win32.ActiveCfg = RelWithDebInfo|Win32
		{CBAA3191-D732-326B-A4CE-243912A6277F}.RelWithDebInfo|Win32.Build.0 = RelWithDebInfo|Win32
	EndGlobalSection
	GlobalSection(ExtensibilityGlobals) = postSolution
		SolutionGuid = {A7751CAA-31A5-3C52-A65A-6FF543B3FC2E}
	EndGlobalSection
	GlobalSection(ExtensibilityAddIns) = postSolution
	EndGlobalSection
EndGlobal
